<?xml version="1.0" encoding="utf-8"?>
<Project ToolsVersion="4.0" xmlns="http://schemas.microsoft.com/developer/msbuild/2003">
  <ItemGroup>
    <Filter Include="Source Files">
      <UniqueIdentifier>{4FC737F1-C7A5-4376-A066-2A32D752A2FF}</UniqueIdentifier>
      <Extensions>cpp;c;cc;cxx;def;odl;idl;hpj;bat;asm;asmx</Extensions>
    </Filter>
    <Filter Include="Header Files">
      <UniqueIdentifier>{93995380-89BD-4b04-88EB-625FBE52EBFB}</UniqueIdentifier>
      <Extensions>h;hh;hpp;hxx;hm;inl;inc;xsd</Extensions>
    </Filter>
    <Filter Include="Resource Files">
      <UniqueIdentifier>{67DA6AB6-F800-4c08-8B7A-83BB121AAD01}</UniqueIdentifier>
      <Extensions>rc;ico;cur;bmp;dlg;rc2;rct;bin;rgs;gif;jpg;jpeg;jpe;resx;tiff;tif;png;wav;mfcribbon-ms</Extensions>
    </Filter>
    <Filter Include="Header Files\third_party">
      <UniqueIdentifier>{0f5c7c8a-f91d-4d35-ae3c-e1d6fe5a3d91}</UniqueIdentifier>
    </Filter>
    <Filter Include="Header Files\third_party\sdl2">
      <UniqueIdentifier>{55207e08-02e1-436e-9237-8f004cd4c3df}</UniqueIdentifier>
    </Filter>
    <Filter Include="Header Files\test_game">
      <UniqueIdentifier>{5f34d83a-7453-4a43-963b-8ce31561f947}</UniqueIdentifier>
    </Filter>
    <Filter Include="Source Files\test_game">
      <UniqueIdentifier>{65586d44-4ce8-49f8-a8f8-7782d3480ab2}</UniqueIdentifier>
    </Filter>
    <Filter Include="Header Files\simple_engine">
      <UniqueIdentifier>{6e80f62f-d838-4455-ac4f-92d4b5e5d09c}</UniqueIdentifier>
    </Filter>
    <Filter Include="Header Files\simple_engine\helper">
      <UniqueIdentifier>{8a2b5b3c-525c-47e5-a8ae-a5e013290c0e}</UniqueIdentifier>
    </Filter>
    <Filter Include="Header Files\simple_engine\helper\log">
      <UniqueIdentifier>{a37abeb1-6248-4458-8640-1c50a8ba714f}</UniqueIdentifier>
    </Filter>
    <Filter Include="Header Files\simple_engine\render">
      <UniqueIdentifier>{d8c71687-7312-409a-bee3-ec7e860b7113}</UniqueIdentifier>
    </Filter>
    <Filter Include="Source Files\simple_engine">
      <UniqueIdentifier>{9b4ae879-ce78-42a9-aa59-a09875a6910a}</UniqueIdentifier>
    </Filter>
    <Filter Include="Source Files\simple_engine\helper">
      <UniqueIdentifier>{c76b999d-0e94-4ef7-a629-cf6baae0670b}</UniqueIdentifier>
    </Filter>
    <Filter Include="Source Files\simple_engine\helper\log">
      <UniqueIdentifier>{11a73eb6-cf2d-4e1d-a9d7-37bf122c89f0}</UniqueIdentifier>
    </Filter>
    <Filter Include="Source Files\simple_engine\render">
      <UniqueIdentifier>{1599507d-88fc-4e1e-98f7-a3ca00a15fc7}</UniqueIdentifier>
    </Filter>
    <Filter Include="Header Files\simple_engine\define">
      <UniqueIdentifier>{a74db57c-20cb-4cdd-8404-a4605ee3d18f}</UniqueIdentifier>
    </Filter>
    <Filter Include="Header Files\simple_engine\event">
      <UniqueIdentifier>{6c518b0b-ae33-44bc-911e-7dccdcf53bff}</UniqueIdentifier>
    </Filter>
    <Filter Include="Source Files\simple_engine\event">
      <UniqueIdentifier>{09479372-3723-4535-9a58-d042b1c4b3e5}</UniqueIdentifier>
    </Filter>
    <Filter Include="Header Files\simple_engine\screen">
      <UniqueIdentifier>{54ba91be-001c-416d-87d1-4765cbe14063}</UniqueIdentifier>
    </Filter>
    <Filter Include="Source Files\simple_engine\screen">
      <UniqueIdentifier>{f9c0ea73-b275-45b0-8d26-bc73520854ee}</UniqueIdentifier>
    </Filter>
    <Filter Include="Header Files\simple_engine\screen\scene">
      <UniqueIdentifier>{42b8cff6-0691-4c91-8488-5645e0946ee9}</UniqueIdentifier>
    </Filter>
    <Filter Include="Source Files\simple_engine\screen\scene">
      <UniqueIdentifier>{9fe60d21-63a4-4f44-95e3-f8de62abe6fa}</UniqueIdentifier>
    </Filter>
    <Filter Include="Header Files\test_game\screen">
      <UniqueIdentifier>{4bb53d7e-3b70-42d8-816a-7edfe3e0f19c}</UniqueIdentifier>
    </Filter>
    <Filter Include="Header Files\test_game\screen\test_screen">
      <UniqueIdentifier>{52625b5c-fd93-4ba4-aefa-5283f4210c5f}</UniqueIdentifier>
    </Filter>
    <Filter Include="Source Files\test_game\screen">
      <UniqueIdentifier>{7fd78970-a5af-4b46-a7ef-97c0b229d8e6}</UniqueIdentifier>
    </Filter>
    <Filter Include="Source Files\test_game\screen\test_screen">
      <UniqueIdentifier>{4789b44d-0640-4b1a-9d3f-72a4b46ee22d}</UniqueIdentifier>
    </Filter>
    <Filter Include="Header Files\test_game\screen\test_screen\scene">
      <UniqueIdentifier>{c95ebfe6-524b-4cc8-9584-6a1430744817}</UniqueIdentifier>
    </Filter>
  </ItemGroup>
  <ItemGroup>
    <ClCompile Include="..\..\..\source\main.cc">
      <Filter>Source Files</Filter>
    </ClCompile>
    <ClCompile Include="..\..\..\source\simple_engine\helper\log\log.cc">
      <Filter>Source Files\simple_engine\helper\log</Filter>
    </ClCompile>
    <ClCompile Include="..\..\..\source\simple_engine\render\render.cc">
      <Filter>Source Files\simple_engine\render</Filter>
    </ClCompile>
    <ClCompile Include="..\..\..\source\simple_engine\game.cc">
      <Filter>Source Files\simple_engine</Filter>
    </ClCompile>
    <ClCompile Include="..\..\..\source\simple_engine\config.cc">
      <Filter>Source Files\simple_engine</Filter>
    </ClCompile>
    <ClCompile Include="..\..\..\source\simple_engine\helper\helper_function.cc">
      <Filter>Source Files\simple_engine\helper</Filter>
    </ClCompile>
    <ClCompile Include="..\..\..\source\simple_engine\event\event_manager.cc">
      <Filter>Source Files\simple_engine\event</Filter>
    </ClCompile>
    <ClCompile Include="..\..\..\source\simple_engine\screen\screen.cc">
      <Filter>Source Files\simple_engine\screen</Filter>
    </ClCompile>
    <ClCompile Include="..\..\..\source\simple_engine\screen\screen_manager.cc">
      <Filter>Source Files\simple_engine\screen</Filter>
    </ClCompile>
    <ClCompile Include="..\..\..\source\simple_engine\screen\scene\scene.cc">
      <Filter>Source Files\simple_engine\screen\scene</Filter>
    </ClCompile>
    <ClCompile Include="..\..\..\source\test_game\screen\test_game_screen_manager.cc">
      <Filter>Source Files\test_game\screen</Filter>
    </ClCompile>
    <ClCompile Include="..\..\..\source\test_game\screen\test_screen\test_game_screen.cc">
      <Filter>Source Files\test_game\screen\test_screen</Filter>
    </ClCompile>
  </ItemGroup>
  <ItemGroup>
    <ClInclude Include="..\..\..\source\third_party\sdl2\begin_code.h">
      <Filter>Header Files\third_party\sdl2</Filter>
    </ClInclude>
    <ClInclude Include="..\..\..\source\third_party\sdl2\close_code.h">
      <Filter>Header Files\third_party\sdl2</Filter>
    </ClInclude>
    <ClInclude Include="..\..\..\source\third_party\sdl2\SDL.h">
      <Filter>Header Files\third_party\sdl2</Filter>
    </ClInclude>
    <ClInclude Include="..\..\..\source\third_party\sdl2\SDL_assert.h">
      <Filter>Header Files\third_party\sdl2</Filter>
    </ClInclude>
    <ClInclude Include="..\..\..\source\third_party\sdl2\SDL_atomic.h">
      <Filter>Header Files\third_party\sdl2</Filter>
    </ClInclude>
    <ClInclude Include="..\..\..\source\third_party\sdl2\SDL_audio.h">
      <Filter>Header Files\third_party\sdl2</Filter>
    </ClInclude>
    <ClInclude Include="..\..\..\source\third_party\sdl2\SDL_bits.h">
      <Filter>Header Files\third_party\sdl2</Filter>
    </ClInclude>
    <ClInclude Include="..\..\..\source\third_party\sdl2\SDL_blendmode.h">
      <Filter>Header Files\third_party\sdl2</Filter>
    </ClInclude>
    <ClInclude Include="..\..\..\source\third_party\sdl2\SDL_clipboard.h">
      <Filter>Header Files\third_party\sdl2</Filter>
    </ClInclude>
    <ClInclude Include="..\..\..\source\third_party\sdl2\SDL_config.h">
      <Filter>Header Files\third_party\sdl2</Filter>
    </ClInclude>
    <ClInclude Include="..\..\..\source\third_party\sdl2\SDL_config_android.h">
      <Filter>Header Files\third_party\sdl2</Filter>
    </ClInclude>
    <ClInclude Include="..\..\..\source\third_party\sdl2\SDL_config_iphoneos.h">
      <Filter>Header Files\third_party\sdl2</Filter>
    </ClInclude>
    <ClInclude Include="..\..\..\source\third_party\sdl2\SDL_config_macosx.h">
      <Filter>Header Files\third_party\sdl2</Filter>
    </ClInclude>
    <ClInclude Include="..\..\..\source\third_party\sdl2\SDL_config_minimal.h">
      <Filter>Header Files\third_party\sdl2</Filter>
    </ClInclude>
    <ClInclude Include="..\..\..\source\third_party\sdl2\SDL_config_pandora.h">
      <Filter>Header Files\third_party\sdl2</Filter>
    </ClInclude>
    <ClInclude Include="..\..\..\source\third_party\sdl2\SDL_config_psp.h">
      <Filter>Header Files\third_party\sdl2</Filter>
    </ClInclude>
    <ClInclude Include="..\..\..\source\third_party\sdl2\SDL_config_windows.h">
      <Filter>Header Files\third_party\sdl2</Filter>
    </ClInclude>
    <ClInclude Include="..\..\..\source\third_party\sdl2\SDL_config_winrt.h">
      <Filter>Header Files\third_party\sdl2</Filter>
    </ClInclude>
    <ClInclude Include="..\..\..\source\third_party\sdl2\SDL_config_wiz.h">
      <Filter>Header Files\third_party\sdl2</Filter>
    </ClInclude>
    <ClInclude Include="..\..\..\source\third_party\sdl2\SDL_copying.h">
      <Filter>Header Files\third_party\sdl2</Filter>
    </ClInclude>
    <ClInclude Include="..\..\..\source\third_party\sdl2\SDL_cpuinfo.h">
      <Filter>Header Files\third_party\sdl2</Filter>
    </ClInclude>
    <ClInclude Include="..\..\..\source\third_party\sdl2\SDL_egl.h">
      <Filter>Header Files\third_party\sdl2</Filter>
    </ClInclude>
    <ClInclude Include="..\..\..\source\third_party\sdl2\SDL_endian.h">
      <Filter>Header Files\third_party\sdl2</Filter>
    </ClInclude>
    <ClInclude Include="..\..\..\source\third_party\sdl2\SDL_error.h">
      <Filter>Header Files\third_party\sdl2</Filter>
    </ClInclude>
    <ClInclude Include="..\..\..\source\third_party\sdl2\SDL_events.h">
      <Filter>Header Files\third_party\sdl2</Filter>
    </ClInclude>
    <ClInclude Include="..\..\..\source\third_party\sdl2\SDL_filesystem.h">
      <Filter>Header Files\third_party\sdl2</Filter>
    </ClInclude>
    <ClInclude Include="..\..\..\source\third_party\sdl2\SDL_gamecontroller.h">
      <Filter>Header Files\third_party\sdl2</Filter>
    </ClInclude>
    <ClInclude Include="..\..\..\source\third_party\sdl2\SDL_gesture.h">
      <Filter>Header Files\third_party\sdl2</Filter>
    </ClInclude>
    <ClInclude Include="..\..\..\source\third_party\sdl2\SDL_haptic.h">
      <Filter>Header Files\third_party\sdl2</Filter>
    </ClInclude>
    <ClInclude Include="..\..\..\source\third_party\sdl2\SDL_hints.h">
      <Filter>Header Files\third_party\sdl2</Filter>
    </ClInclude>
    <ClInclude Include="..\..\..\source\third_party\sdl2\SDL_joystick.h">
      <Filter>Header Files\third_party\sdl2</Filter>
    </ClInclude>
    <ClInclude Include="..\..\..\source\third_party\sdl2\SDL_keyboard.h">
      <Filter>Header Files\third_party\sdl2</Filter>
    </ClInclude>
    <ClInclude Include="..\..\..\source\third_party\sdl2\SDL_keycode.h">
      <Filter>Header Files\third_party\sdl2</Filter>
    </ClInclude>
    <ClInclude Include="..\..\..\source\third_party\sdl2\SDL_loadso.h">
      <Filter>Header Files\third_party\sdl2</Filter>
    </ClInclude>
    <ClInclude Include="..\..\..\source\third_party\sdl2\SDL_log.h">
      <Filter>Header Files\third_party\sdl2</Filter>
    </ClInclude>
    <ClInclude Include="..\..\..\source\third_party\sdl2\SDL_main.h">
      <Filter>Header Files\third_party\sdl2</Filter>
    </ClInclude>
    <ClInclude Include="..\..\..\source\third_party\sdl2\SDL_messagebox.h">
      <Filter>Header Files\third_party\sdl2</Filter>
    </ClInclude>
    <ClInclude Include="..\..\..\source\third_party\sdl2\SDL_mouse.h">
      <Filter>Header Files\third_party\sdl2</Filter>
    </ClInclude>
    <ClInclude Include="..\..\..\source\third_party\sdl2\SDL_mutex.h">
      <Filter>Header Files\third_party\sdl2</Filter>
    </ClInclude>
    <ClInclude Include="..\..\..\source\third_party\sdl2\SDL_name.h">
      <Filter>Header Files\third_party\sdl2</Filter>
    </ClInclude>
    <ClInclude Include="..\..\..\source\third_party\sdl2\SDL_opengl.h">
      <Filter>Header Files\third_party\sdl2</Filter>
    </ClInclude>
    <ClInclude Include="..\..\..\source\third_party\sdl2\SDL_opengl_glext.h">
      <Filter>Header Files\third_party\sdl2</Filter>
    </ClInclude>
    <ClInclude Include="..\..\..\source\third_party\sdl2\SDL_opengles.h">
      <Filter>Header Files\third_party\sdl2</Filter>
    </ClInclude>
    <ClInclude Include="..\..\..\source\third_party\sdl2\SDL_opengles2.h">
      <Filter>Header Files\third_party\sdl2</Filter>
    </ClInclude>
    <ClInclude Include="..\..\..\source\third_party\sdl2\SDL_opengles2_gl2.h">
      <Filter>Header Files\third_party\sdl2</Filter>
    </ClInclude>
    <ClInclude Include="..\..\..\source\third_party\sdl2\SDL_opengles2_gl2ext.h">
      <Filter>Header Files\third_party\sdl2</Filter>
    </ClInclude>
    <ClInclude Include="..\..\..\source\third_party\sdl2\SDL_opengles2_gl2platform.h">
      <Filter>Header Files\third_party\sdl2</Filter>
    </ClInclude>
    <ClInclude Include="..\..\..\source\third_party\sdl2\SDL_opengles2_khrplatform.h">
      <Filter>Header Files\third_party\sdl2</Filter>
    </ClInclude>
    <ClInclude Include="..\..\..\source\third_party\sdl2\SDL_pixels.h">
      <Filter>Header Files\third_party\sdl2</Filter>
    </ClInclude>
    <ClInclude Include="..\..\..\source\third_party\sdl2\SDL_platform.h">
      <Filter>Header Files\third_party\sdl2</Filter>
    </ClInclude>
    <ClInclude Include="..\..\..\source\third_party\sdl2\SDL_power.h">
      <Filter>Header Files\third_party\sdl2</Filter>
    </ClInclude>
    <ClInclude Include="..\..\..\source\third_party\sdl2\SDL_quit.h">
      <Filter>Header Files\third_party\sdl2</Filter>
    </ClInclude>
    <ClInclude Include="..\..\..\source\third_party\sdl2\SDL_rect.h">
      <Filter>Header Files\third_party\sdl2</Filter>
    </ClInclude>
    <ClInclude Include="..\..\..\source\third_party\sdl2\SDL_render.h">
      <Filter>Header Files\third_party\sdl2</Filter>
    </ClInclude>
    <ClInclude Include="..\..\..\source\third_party\sdl2\SDL_revision.h">
      <Filter>Header Files\third_party\sdl2</Filter>
    </ClInclude>
    <ClInclude Include="..\..\..\source\third_party\sdl2\SDL_rwops.h">
      <Filter>Header Files\third_party\sdl2</Filter>
    </ClInclude>
    <ClInclude Include="..\..\..\source\third_party\sdl2\SDL_scancode.h">
      <Filter>Header Files\third_party\sdl2</Filter>
    </ClInclude>
    <ClInclude Include="..\..\..\source\third_party\sdl2\SDL_shape.h">
      <Filter>Header Files\third_party\sdl2</Filter>
    </ClInclude>
    <ClInclude Include="..\..\..\source\third_party\sdl2\SDL_stdinc.h">
      <Filter>Header Files\third_party\sdl2</Filter>
    </ClInclude>
    <ClInclude Include="..\..\..\source\third_party\sdl2\SDL_surface.h">
      <Filter>Header Files\third_party\sdl2</Filter>
    </ClInclude>
    <ClInclude Include="..\..\..\source\third_party\sdl2\SDL_system.h">
      <Filter>Header Files\third_party\sdl2</Filter>
    </ClInclude>
    <ClInclude Include="..\..\..\source\third_party\sdl2\SDL_syswm.h">
      <Filter>Header Files\third_party\sdl2</Filter>
    </ClInclude>
    <ClInclude Include="..\..\..\source\third_party\sdl2\SDL_test.h">
      <Filter>Header Files\third_party\sdl2</Filter>
    </ClInclude>
    <ClInclude Include="..\..\..\source\third_party\sdl2\SDL_test_assert.h">
      <Filter>Header Files\third_party\sdl2</Filter>
    </ClInclude>
    <ClInclude Include="..\..\..\source\third_party\sdl2\SDL_test_common.h">
      <Filter>Header Files\third_party\sdl2</Filter>
    </ClInclude>
    <ClInclude Include="..\..\..\source\third_party\sdl2\SDL_test_compare.h">
      <Filter>Header Files\third_party\sdl2</Filter>
    </ClInclude>
    <ClInclude Include="..\..\..\source\third_party\sdl2\SDL_test_crc32.h">
      <Filter>Header Files\third_party\sdl2</Filter>
    </ClInclude>
    <ClInclude Include="..\..\..\source\third_party\sdl2\SDL_test_font.h">
      <Filter>Header Files\third_party\sdl2</Filter>
    </ClInclude>
    <ClInclude Include="..\..\..\source\third_party\sdl2\SDL_test_fuzzer.h">
      <Filter>Header Files\third_party\sdl2</Filter>
    </ClInclude>
    <ClInclude Include="..\..\..\source\third_party\sdl2\SDL_test_harness.h">
      <Filter>Header Files\third_party\sdl2</Filter>
    </ClInclude>
    <ClInclude Include="..\..\..\source\third_party\sdl2\SDL_test_images.h">
      <Filter>Header Files\third_party\sdl2</Filter>
    </ClInclude>
    <ClInclude Include="..\..\..\source\third_party\sdl2\SDL_test_log.h">
      <Filter>Header Files\third_party\sdl2</Filter>
    </ClInclude>
    <ClInclude Include="..\..\..\source\third_party\sdl2\SDL_test_md5.h">
      <Filter>Header Files\third_party\sdl2</Filter>
    </ClInclude>
    <ClInclude Include="..\..\..\source\third_party\sdl2\SDL_test_random.h">
      <Filter>Header Files\third_party\sdl2</Filter>
    </ClInclude>
    <ClInclude Include="..\..\..\source\third_party\sdl2\SDL_thread.h">
      <Filter>Header Files\third_party\sdl2</Filter>
    </ClInclude>
    <ClInclude Include="..\..\..\source\third_party\sdl2\SDL_timer.h">
      <Filter>Header Files\third_party\sdl2</Filter>
    </ClInclude>
    <ClInclude Include="..\..\..\source\third_party\sdl2\SDL_touch.h">
      <Filter>Header Files\third_party\sdl2</Filter>
    </ClInclude>
    <ClInclude Include="..\..\..\source\third_party\sdl2\SDL_types.h">
      <Filter>Header Files\third_party\sdl2</Filter>
    </ClInclude>
    <ClInclude Include="..\..\..\source\third_party\sdl2\SDL_version.h">
      <Filter>Header Files\third_party\sdl2</Filter>
    </ClInclude>
    <ClInclude Include="..\..\..\source\third_party\sdl2\SDL_video.h">
      <Filter>Header Files\third_party\sdl2</Filter>
    </ClInclude>
    <ClInclude Include="..\..\..\source\simple_engine\game.h">
      <Filter>Header Files\simple_engine</Filter>
    </ClInclude>
    <ClInclude Include="..\..\..\source\simple_engine\helper\log\log.h">
      <Filter>Header Files\simple_engine\helper\log</Filter>
    </ClInclude>
    <ClInclude Include="..\..\..\source\simple_engine\render\render.h">
      <Filter>Header Files\simple_engine\render</Filter>
    </ClInclude>
    <ClInclude Include="..\..\..\source\simple_engine\define\system_define.h">
      <Filter>Header Files\simple_engine\define</Filter>
    </ClInclude>
    <ClInclude Include="..\..\..\source\simple_engine\helper\helper_function.h">
      <Filter>Header Files\simple_engine\helper</Filter>
    </ClInclude>
    <ClInclude Include="..\..\..\source\simple_engine\config.h">
      <Filter>Header Files\simple_engine</Filter>
    </ClInclude>
    <ClInclude Include="..\..\..\source\simple_engine\event\event_manager.h">
      <Filter>Header Files\simple_engine\event</Filter>
    </ClInclude>
    <ClInclude Include="..\..\..\source\simple_engine\screen\screen.h">
      <Filter>Header Files\simple_engine\screen</Filter>
    </ClInclude>
    <ClInclude Include="..\..\..\source\simple_engine\opengl.h">
      <Filter>Header Files\simple_engine</Filter>
    </ClInclude>
    <ClInclude Include="..\..\..\source\simple_engine\screen\screen_manager.h">
      <Filter>Header Files\simple_engine\screen</Filter>
    </ClInclude>
    <ClInclude Include="..\..\..\source\simple_engine\screen\scene\scene.h">
      <Filter>Header Files\simple_engine\screen\scene</Filter>
    </ClInclude>
    <ClInclude Include="..\..\..\source\test_game\screen\test_game_screen_manager.h">
      <Filter>Header Files\test_game\screen</Filter>
    </ClInclude>
    <ClInclude Include="..\..\..\source\test_game\screen\test_screen\test_game_screen.h">
      <Filter>Header Files\test_game\screen\test_screen</Filter>
    </ClInclude>
    <ClInclude Include="..\..\..\source\test_game\screen\test_screen\scene\test_game_scene.h">
      <Filter>Header Files\test_game\screen\test_screen\scene</Filter>
    </ClInclude>
  </ItemGroup>
  <ItemGroup>
    <None Include="..\..\..\source\third_party\sdl2\SDL_config.h.cmake">
      <Filter>Header Files\third_party\sdl2</Filter>
    </None>
    <None Include="..\..\..\source\third_party\sdl2\SDL_config.h.in">
      <Filter>Header Files\third_party\sdl2</Filter>
    </None>
  </ItemGroup>
</Project>